
Microsoft Visual Studio Solution File, Format Version 12.00
# Visual Studio Version 16
VisualStudioVersion = 16.0.30804.86
MinimumVisualStudioVersion = 10.0.40219.1
Project("{FAE04EC0-301F-11D3-BF4B-00C04F79EFBC}") = "TDS2014B Tekvisa Test", "TDS2014B Tekvisa Test\TDS2014B Tekvisa Test.csproj", "{13519FB2-D9B6-4112-A36C-E38939E0B2F6}"
EndProject
Global
	GlobalSection(SolutionConfigurationPlatforms) = preSolution
		Debug|Any CPU = Debug|Any CPU
		Release|Any CPU = Release|Any CPU
	EndGlobalSection
	GlobalSection(ProjectConfigurationPlatforms) = postSolution
		{13519FB2-D9B6-4112-A36C-E38939E0B2F6}.Debug|Any CPU.ActiveCfg = Debug|Any CPU
		{13519FB2-D9B6-4112-A36C-E38939E0B2F6}.Debug|Any CPU.Build.0 = Debug|Any CPU
		{13519FB2-D9B6-4112-A36C-E38939E0B2F6}.Release|Any CPU.ActiveCfg = Release|Any CPU
		{13519FB2-D9B6-4112-A36C-E38939E0B2F6}.Release|Any CPU.Build.0 = Release|Any CPU
	EndGlobalSection
	GlobalSection(SolutionProperties) = preSolution
		HideSolutionNode = FALSE
	EndGlobalSection
	GlobalSection(ExtensibilityGlobals) = postSolution
		SolutionGuid = {EDDD9A45-D414-47B5-A89B-E2FEAABA2612}
	EndGlobalSection
EndGlobal
